
Microsoft Visual Studio Solution File, Format Version 12.00
# Visual Studio Version 17
VisualStudioVersion = 17.1.32228.430
MinimumVisualStudioVersion = 10.0.40219.1
Project("{FAE04EC0-301F-11D3-BF4B-00C04F79EFBC}") = "DevJobs.API", "DevJobs.API.csproj", "{80F2DBCD-E1D8-49FC-A502-32AFD6F4ECF8}"
EndProject
Global
	GlobalSection(SolutionConfigurationPlatforms) = preSolution
		Debug|Any CPU = Debug|Any CPU
		Release|Any CPU = Release|Any CPU
	EndGlobalSection
	GlobalSection(ProjectConfigurationPlatforms) = postSolution
		{80F2DBCD-E1D8-49FC-A502-32AFD6F4ECF8}.Debug|Any CPU.ActiveCfg = Debug|Any CPU
		{80F2DBCD-E1D8-49FC-A502-32AFD6F4ECF8}.Debug|Any CPU.Build.0 = Debug|Any CPU
		{80F2DBCD-E1D8-49FC-A502-32AFD6F4ECF8}.Release|Any CPU.ActiveCfg = Release|Any CPU
		{80F2DBCD-E1D8-49FC-A502-32AFD6F4ECF8}.Release|Any CPU.Build.0 = Release|Any CPU
	EndGlobalSection
	GlobalSection(SolutionProperties) = preSolution
		HideSolutionNode = FALSE
	EndGlobalSection
	GlobalSection(ExtensibilityGlobals) = postSolution
		SolutionGuid = {432E070D-9E0D-42BD-9D44-5E18E18643B6}
	EndGlobalSection
EndGlobal
